
Microsoft Visual Studio Solution File, Format Version 12.00
# Visual Studio 15
VisualStudioVersion = 15.0.27703.2035
MinimumVisualStudioVersion = 10.0.40219.1
Project("{FAE04EC0-301F-11D3-BF4B-00C04F79EFBC}") = "Calibration Editor", "Calibration Editor\Calibration Editor.csproj", "{D9E465EC-4D4C-4A79-AAC2-14B6EFBBB7D0}"
EndProject
Global
	GlobalSection(SolutionConfigurationPlatforms) = preSolution
		Debug|Any CPU = Debug|Any CPU
		Release|Any CPU = Release|Any CPU
	EndGlobalSection
	GlobalSection(ProjectConfigurationPlatforms) = postSolution
		{D9E465EC-4D4C-4A79-AAC2-14B6EFBBB7D0}.Debug|Any CPU.ActiveCfg = Debug|Any CPU
		{D9E465EC-4D4C-4A79-AAC2-14B6EFBBB7D0}.Debug|Any CPU.Build.0 = Debug|Any CPU
		{D9E465EC-4D4C-4A79-AAC2-14B6EFBBB7D0}.Release|Any CPU.ActiveCfg = Release|Any CPU
		{D9E465EC-4D4C-4A79-AAC2-14B6EFBBB7D0}.Release|Any CPU.Build.0 = Release|Any CPU
	EndGlobalSection
	GlobalSection(SolutionProperties) = preSolution
		HideSolutionNode = FALSE
	EndGlobalSection
	GlobalSection(ExtensibilityGlobals) = postSolution
		SolutionGuid = {A2E7D5E9-A9FD-437A-892E-F1C6E4346356}
	EndGlobalSection
EndGlobal
